// !$*UTF8*$!
{
	archiveVersion = 1;
	classes = {
	};
	objectVersion = 50;
	objects = {

/* Begin PBXBuildFile section */
		7C9F25FC22F42AC0001ABC15 /* AppDelegate.m in Sources */ = {isa = PBXBuildFile; fileRef = 7C9F25FB22F42AC0001ABC15 /* AppDelegate.m */; };
		7C9F25FF22F42AC1001ABC15 /* ViewController.m in Sources */ = {isa = PBXBuildFile; fileRef = 7C9F25FE22F42AC1001ABC15 /* ViewController.m */; };
		7C9F260222F42AC1001ABC15 /* Main.storyboard in Resources */ = {isa = PBXBuildFile; fileRef = 7C9F260022F42AC1001ABC15 /* Main.storyboard */; };
		7C9F260422F42AC1001ABC15 /* Assets.xcassets in Resources */ = {isa = PBXBuildFile; fileRef = 7C9F260322F42AC1001ABC15 /* Assets.xcassets */; };
		7C9F260722F42AC1001ABC15 /* LaunchScreen.storyboard in Resources */ = {isa = PBXBuildFile; fileRef = 7C9F260522F42AC1001ABC15 /* LaunchScreen.storyboard */; };
		7C9F260A22F42AC1001ABC15 /* main.m in Sources */ = {isa = PBXBuildFile; fileRef = 7C9F260922F42AC1001ABC15 /* main.m */; };
/* End PBXBuildFile section */

/* Begin PBXFileReference section */
		7C9F25F722F42AC0001ABC15 /* Q09.app */ = {isa = PBXFileReference; explicitFileType = wrapper.application; includeInIndex = 0; path = Q09.app; sourceTree = BUILT_PRODUCTS_DIR; };
		7C9F25FA22F42AC0001ABC15 /* AppDelegate.h */ = {isa = PBXFileReference; lastKnownFileType = sourcecode.c.h; path = AppDelegate.h; sourceTree = "<group>"; };
		7C9F25FB22F42AC0001ABC15 /* AppDelegate.m */ = {isa = PBXFileReference; lastKnownFileType = sourcecode.c.objc; path = AppDelegate.m; sourceTree = "<group>"; };
		7C9F25FD22F42AC1001ABC15 /* ViewController.h */ = {isa = PBXFileReference; lastKnownFileType = sourcecode.c.h; path = ViewController.h; sourceTree = "<group>"; };
		7C9F25FE22F42AC1001ABC15 /* ViewController.m */ = {isa = PBXFileReference; lastKnownFileType = sourcecode.c.objc; path = ViewController.m; sourceTree = "<group>"; };
		7C9F260122F42AC1001ABC15 /* Base */ = {isa = PBXFileReference; lastKnownFileType = file.storyboard; name = Base; path = Base.lproj/Main.storyboard; sourceTree = "<group>"; };
		7C9F260322F42AC1001ABC15 /* Assets.xcassets */ = {isa = PBXFileReference; lastKnownFileType = folder.assetcatalog; path = Assets.xcassets; sourceTree = "<group>"; };
		7C9F260622F42AC1001ABC15 /* Base */ = {isa = PBXFileReference; lastKnownFileType = file.storyboard; name = Base; path = Base.lproj/LaunchScreen.storyboard; sourceTree = "<group>"; };
		7C9F260822F42AC1001ABC15 /* Info.plist */ = {isa = PBXFileReference; lastKnownFileType = text.plist.xml; path = Info.plist; sourceTree = "<group>"; };
		7C9F260922F42AC1001ABC15 /* main.m */ = {isa = PBXFileReference; lastKnownFileType = sourcecode.c.objc; path = main.m; sourceTree = "<group>"; };
/* End PBXFileReference section */

/* Begin PBXFrameworksBuildPhase section */
		7C9F25F422F42AC0001ABC15 /* Frameworks */ = {
			isa = PBXFrameworksBuildPhase;
			buildActionMask = 2147483647;
			files = (
			);
			runOnlyForDeploymentPostprocessing = 0;
		};
/* End PBXFrameworksBuildPhase section */

/* Begin PBXGroup section */
		7C9F25EE22F42AC0001ABC15 = {
			isa = PBXGroup;
			children = (
				7C9F25F922F42AC0001ABC15 /* Q09 */,
				7C9F25F822F42AC0001ABC15 /* Products */,
			);
			sourceTree = "<group>";
		};
		7C9F25F822F42AC0001ABC15 /* Products */ = {
			isa = PBXGroup;
			children = (
				7C9F25F722F42AC0001ABC15 /* Q09.app */,
			);
			name = Products;
			sourceTree = "<group>";
		};
		7C9F25F922F42AC0001ABC15 /* Q09 */ = {
			isa = PBXGroup;
			children = (
				7C9F25FA22F42AC0001ABC15 /* AppDelegate.h */,
				7C9F25FB22F42AC0001ABC15 /* AppDelegate.m */,
				7C9F25FD22F42AC1001ABC15 /* ViewController.h */,
				7C9F25FE22F42AC1001ABC15 /* ViewController.m */,
				7C9F260022F42AC1001ABC15 /* Main.storyboard */,
				7C9F260322F42AC1001ABC15 /* Assets.xcassets */,
				7C9F260522F42AC1001ABC15 /* LaunchScreen.storyboard */,
				7C9F260822F42AC1001ABC15 /* Info.plist */,
				7C9F260922F42AC1001ABC15 /* main.m */,
			);
			path = Q09;
			sourceTree = "<group>";
		};
/* End PBXGroup section */

/* Begin PBXNativeTarget section */
		7C9F25F622F42AC0001ABC15 /* Q09 */ = {
			isa = PBXNativeTarget;
			buildConfigurationList = 7C9F260D22F42AC1001ABC15 /* Build configuration list for PBXNativeTarget "Q09" */;
			buildPhases = (
				7C9F25F322F42AC0001ABC15 /* Sources */,
				7C9F25F422F42AC0001ABC15 /* Frameworks */,
				7C9F25F522F42AC0001ABC15 /* Resources */,
			);
			buildRules = (
			);
			dependencies = (
			);
			name = Q09;
			productName = Q09;
			productReference = 7C9F25F722F42AC0001ABC15 /* Q09.app */;
			productType = "com.apple.product-type.application";
		};
/* End PBXNativeTarget section */

/* Begin PBXProject section */
		7C9F25EF22F42AC0001ABC15 /* Project object */ = {
			isa = PBXProject;
			attributes = {
				LastUpgradeCheck = 1010;
				ORGANIZATIONNAME = sample;
				TargetAttributes = {
					7C9F25F622F42AC0001ABC15 = {
						CreatedOnToolsVersion = 10.1;
					};
				};
			};
			buildConfigurationList = 7C9F25F222F42AC0001ABC15 /* Build configuration list for PBXProject "Q09" */;
			compatibilityVersion = "Xcode 9.3";
			developmentRegion = en;
			hasScannedForEncodings = 0;
			knownRegions = (
				en,
				Base,
			);
			mainGroup = 7C9F25EE22F42AC0001ABC15;
			productRefGroup = 7C9F25F822F42AC0001ABC15 /* Products */;
			projectDirPath = "";
			projectRoot = "";
			targets = (
				7C9F25F622F42AC0001ABC15 /* Q09 */,
			);
		};
/* End PBXProject section */

/* Begin PBXResourcesBuildPhase section */
		7C9F25F522F42AC0001ABC15 /* Resources */ = {
			isa = PBXResourcesBuildPhase;
			buildActionMask = 2147483647;
			files = (
				7C9F260722F42AC1001ABC15 /* LaunchScreen.storyboard in Resources */,
				7C9F260422F42AC1001ABC15 /* Assets.xcassets in Resources */,
				7C9F260222F42AC1001ABC15 /* Main.storyboard in Resources */,
			);
			runOnlyForDeploymentPostprocessing = 0;
		};
/* End PBXResourcesBuildPhase section */

/* Begin PBXSourcesBuildPhase section */
		7C9F25F322F42AC0001ABC15 /* Sources */ = {
			isa = PBXSourcesBuildPhase;
			buildActionMask = 2147483647;
			files = (
				7C9F25FF22F42AC1001ABC15 /* ViewController.m in Sources */,
				7C9F260A22F42AC1001ABC15 /* main.m in Sources */,
				7C9F25FC22F42AC0001ABC15 /* AppDelegate.m in Sources */,
			);
			runOnlyForDeploymentPostprocessing = 0;
		};
/* End PBXSourcesBuildPhase section */

/* Begin PBXVariantGroup section */
		7C9F260022F42AC1001ABC15 /* Main.storyboard */ = {
			isa = PBXVariantGroup;
			children = (
				7C9F260122F42AC1001ABC15 /* Base */,
			);
			name = Main.storyboard;
			sourceTree = "<group>";
		};
		7C9F260522F42AC1001ABC15 /* LaunchScreen.storyboard */ = {
			isa = PBXVariantGroup;
			children = (
				7C9F260622F42AC1001ABC15 /* Base */,
			);
			name = LaunchScreen.storyboard;
			sourceTree = "<group>";
		};
/* End PBXVariantGroup section */

/* Begin XCBuildConfiguration section */
		7C9F260B22F42AC1001ABC15 /* Debug */ = {
			isa = XCBuildConfiguration;
			buildSettings = {
				ALWAYS_SEARCH_USER_PATHS = NO;
				CLANG_ANALYZER_NONNULL = YES;
				CLANG_ANALYZER_NUMBER_OBJECT_CONVERSION = YES_AGGRESSIVE;
				CLANG_CXX_LANGUAGE_STANDARD = "gnu++14";
				CLANG_CXX_LIBRARY = "libc++";
				CLANG_ENABLE_MODULES = YES;
				CLANG_ENABLE_OBJC_ARC = YES;
				CLANG_ENABLE_OBJC_WEAK = YES;
				CLANG_WARN_BLOCK_CAPTURE_AUTORELEASING = YES;
				CLANG_WARN_BOOL_CONVERSION = YES;
				CLANG_WARN_COMMA = YES;
				CLANG_WARN_CONSTANT_CONVERSION = YES;
				CLANG_WARN_DEPRECATED_OBJC_IMPLEMENTATIONS = YES;
				CLANG_WARN_DIRECT_OBJC_ISA_USAGE = YES_ERROR;
				CLANG_WARN_DOCUMENTATION_COMMENTS = YES;
				CLANG_WARN_EMPTY_BODY = YES;
				CLANG_WARN_ENUM_CONVERSION = YES;
				CLANG_WARN_INFINITE_RECURSION = YES;
				CLANG_WARN_INT_CONVERSION = YES;
				CLANG_WARN_NON_LITERAL_NULL_CONVERSION = YES;
				CLANG_WARN_OBJC_IMPLICIT_RETAIN_SELF = YES;
				CLANG_WARN_OBJC_LITERAL_CONVERSION = YES;
				CLANG_WARN_OBJC_ROOT_CLASS = YES_ERROR;
				CLANG_WARN_RANGE_LOOP_ANALYSIS = YES;
				CLANG_WARN_STRICT_PROTOTYPES = YES;
				CLANG_WARN_SUSPICIOUS_MOVE = YES;
				CLANG_WARN_UNGUARDED_AVAILABILITY = YES_AGGRESSIVE;
				CLANG_WARN_UNREACHABLE_CODE = YES;
				CLANG_WARN__DUPLICATE_METHOD_MATCH = YES;
				CODE_SIGN_IDENTITY = "iPhone Developer";
				COPY_PHASE_STRIP = NO;
				DEBUG_INFORMATION_FORMAT = dwarf;
				ENABLE_STRICT_OBJC_MSGSEND = YES;
				ENABLE_TESTABILITY = YES;
				GCC_C_LANGUAGE_STANDARD = gnu11;
				GCC_DYNAMIC_NO_PIC = NO;
				GCC_NO_COMMON_BLOCKS = YES;
				GCC_OPTIMIZATION_LEVEL = 0;
				GCC_PREPROCESSOR_DEFINITIONS = (
					"DEBUG=1",
					"$(inherited)",
				);
				GCC_WARN_64_TO_32_BIT_CONVERSION = YES;
				GCC_WARN_ABOUT_RETURN_TYPE = YES_ERROR;
				GCC_WARN_UNDECLARED_SELECTOR = YES;
				GCC_WARN_UNINITIALIZED_AUTOS = YES_AGGRESSIVE;
				GCC_WARN_UNUSED_FUNCTION = YES;
				GCC_WARN_UNUSED_VARIABLE = YES;
				IPHONEOS_DEPLOYMENT_TARGET = 12.1;
				MTL_ENABLE_DEBUG_INFO = INCLUDE_SOURCE;
				MTL_FAST_MATH = YES;
				ONLY_ACTIVE_ARCH = YES;
				SDKROOT = iphoneos;
			};
			name = Debug;
		};
		7C9F260C22F42AC1001ABC15 /* Release */ = {
			isa = XCBuildConfiguration;
			buildSettings = {
				ALWAYS_SEARCH_USER_PATHS = NO;
				CLANG_ANALYZER_NONNULL = YES;
				CLANG_ANALYZER_NUMBER_OBJECT_CONVERSION = YES_AGGRESSIVE;
				CLANG_CXX_LANGUAGE_STANDARD = "gnu++14";
				CLANG_CXX_LIBRARY = "libc++";
				CLANG_ENABLE_MODULES = YES;
				CLANG_ENABLE_OBJC_ARC = YES;
				CLANG_ENABLE_OBJC_WEAK = YES;
				CLANG_WARN_BLOCK_CAPTURE_AUTORELEASING = YES;
				CLANG_WARN_BOOL_CONVERSION = YES;
				CLANG_WARN_COMMA = YES;
				CLANG_WARN_CONSTANT_CONVERSION = YES;
				CLANG_WARN_DEPRECATED_OBJC_IMPLEMENTATIONS = YES;
				CLANG_WARN_DIRECT_OBJC_ISA_USAGE = YES_ERROR;
				CLANG_WARN_DOCUMENTATION_COMMENTS = YES;
				CLANG_WARN_EMPTY_BODY = YES;
				CLANG_WARN_ENUM_CONVERSION = YES;
				CLANG_WARN_INFINITE_RECURSION = YES;
				CLANG_WARN_INT_CONVERSION = YES;
				CLANG_WARN_NON_LITERAL_NULL_CONVERSION = YES;
				CLANG_WARN_OBJC_IMPLICIT_RETAIN_SELF = YES;
				CLANG_WARN_OBJC_LITERAL_CONVERSION = YES;
				CLANG_WARN_OBJC_ROOT_CLASS = YES_ERROR;
				CLANG_WARN_RANGE_LOOP_ANALYSIS = YES;
				CLANG_WARN_STRICT_PROTOTYPES = YES;
				CLANG_WARN_SUSPICIOUS_MOVE = YES;
				CLANG_WARN_UNGUARDED_AVAILABILITY = YES_AGGRESSIVE;
				CLANG_WARN_UNREACHABLE_CODE = YES;
				CLANG_WARN__DUPLICATE_METHOD_MATCH = YES;
				CODE_SIGN_IDENTITY = "iPhone Developer";
				COPY_PHASE_STRIP = NO;
				DEBUG_INFORMATION_FORMAT = "dwarf-with-dsym";
				ENABLE_NS_ASSERTIONS = NO;
				ENABLE_STRICT_OBJC_MSGSEND = YES;
				GCC_C_LANGUAGE_STANDARD = gnu11;
				GCC_NO_COMMON_BLOCKS = YES;
				GCC_WARN_64_TO_32_BIT_CONVERSION = YES;
				GCC_WARN_ABOUT_RETURN_TYPE = YES_ERROR;
				GCC_WARN_UNDECLARED_SELECTOR = YES;
				GCC_WARN_UNINITIALIZED_AUTOS = YES_AGGRESSIVE;
				GCC_WARN_UNUSED_FUNCTION = YES;
				GCC_WARN_UNUSED_VARIABLE = YES;
				IPHONEOS_DEPLOYMENT_TARGET = 12.1;
				MTL_ENABLE_DEBUG_INFO = NO;
				MTL_FAST_MATH = YES;
				SDKROOT = iphoneos;
				VALIDATE_PRODUCT = YES;
			};
			name = Release;
		};
		7C9F260E22F42AC1001ABC15 /* Debug */ = {
			isa = XCBuildConfiguration;
			buildSettings = {
				ASSETCATALOG_COMPILER_APPICON_NAME = AppIcon;
				CODE_SIGN_STYLE = Automatic;
				DEVELOPMENT_TEAM = NAH4XVX64U;
				INFOPLIST_FILE = Q09/Info.plist;
				LD_RUNPATH_SEARCH_PATHS = (
					"$(inherited)",
					"@executable_path/Frameworks",
				);
				PRODUCT_BUNDLE_IDENTIFIER = com.sample.Q09;
				PRODUCT_NAME = "$(TARGET_NAME)";
				TARGETED_DEVICE_FAMILY = "1,2";
			};
			name = Debug;
		};
		7C9F260F22F42AC1001ABC15 /* Release */ = {
			isa = XCBuildConfiguration;
			buildSettings = {
				ASSETCATALOG_COMPILER_APPICON_NAME = AppIcon;
				CODE_SIGN_STYLE = Automatic;
				DEVELOPMENT_TEAM = NAH4XVX64U;
				INFOPLIST_FILE = Q09/Info.plist;
				LD_RUNPATH_SEARCH_PATHS = (
					"$(inherited)",
					"@executable_path/Frameworks",
				);
				PRODUCT_BUNDLE_IDENTIFIER = com.sample.Q09;
				PRODUCT_NAME = "$(TARGET_NAME)";
				TARGETED_DEVICE_FAMILY = "1,2";
			};
			name = Release;
		};
/* End XCBuildConfiguration section */

/* Begin XCConfigurationList section */
		7C9F25F222F42AC0001ABC15 /* Build configuration list for PBXProject "Q09" */ = {
			isa = XCConfigurationList;
			buildConfigurations = (
				7C9F260B22F42AC1001ABC15 /* Debug */,
				7C9F260C22F42AC1001ABC15 /* Release */,
			);
			defaultConfigurationIsVisible = 0;
			defaultConfigurationName = Release;
		};
		7C9F260D22F42AC1001ABC15 /* Build configuration list for PBXNativeTarget "Q09" */ = {
			isa = XCConfigurationList;
			buildConfigurations = (
				7C9F260E22F42AC1001ABC15 /* Debug */,
				7C9F260F22F42AC1001ABC15 /* Release */,
			);
			defaultConfigurationIsVisible = 0;
			defaultConfigurationName = Release;
		};
/* End XCConfigurationList section */
	};
	rootObject = 7C9F25EF22F42AC0001ABC15 /* Project object */;
}
