// !$*UTF8*$!
{
	archiveVersion = 1;
	classes = {
	};
	objectVersion = 50;
	objects = {

/* Begin PBXBuildFile section */
		B5BB5C1122D8F29A00F1749C /* AppDelegate.m in Sources */ = {isa = PBXBuildFile; fileRef = B5BB5C1022D8F29A00F1749C /* AppDelegate.m */; };
		B5BB5C1422D8F29A00F1749C /* ViewController.m in Sources */ = {isa = PBXBuildFile; fileRef = B5BB5C1322D8F29A00F1749C /* ViewController.m */; };
		B5BB5C1722D8F29A00F1749C /* Main.storyboard in Resources */ = {isa = PBXBuildFile; fileRef = B5BB5C1522D8F29A00F1749C /* Main.storyboard */; };
		B5BB5C1922D8F29C00F1749C /* Assets.xcassets in Resources */ = {isa = PBXBuildFile; fileRef = B5BB5C1822D8F29C00F1749C /* Assets.xcassets */; };
		B5BB5C1C22D8F29C00F1749C /* LaunchScreen.storyboard in Resources */ = {isa = PBXBuildFile; fileRef = B5BB5C1A22D8F29C00F1749C /* LaunchScreen.storyboard */; };
		B5BB5C1F22D8F29C00F1749C /* main.m in Sources */ = {isa = PBXBuildFile; fileRef = B5BB5C1E22D8F29C00F1749C /* main.m */; };
/* End PBXBuildFile section */

/* Begin PBXFileReference section */
		B5BB5C0C22D8F29A00F1749C /* OC_Q50_01.app */ = {isa = PBXFileReference; explicitFileType = wrapper.application; includeInIndex = 0; path = OC_Q50_01.app; sourceTree = BUILT_PRODUCTS_DIR; };
		B5BB5C0F22D8F29A00F1749C /* AppDelegate.h */ = {isa = PBXFileReference; lastKnownFileType = sourcecode.c.h; path = AppDelegate.h; sourceTree = "<group>"; };
		B5BB5C1022D8F29A00F1749C /* AppDelegate.m */ = {isa = PBXFileReference; lastKnownFileType = sourcecode.c.objc; path = AppDelegate.m; sourceTree = "<group>"; };
		B5BB5C1222D8F29A00F1749C /* ViewController.h */ = {isa = PBXFileReference; lastKnownFileType = sourcecode.c.h; path = ViewController.h; sourceTree = "<group>"; };
		B5BB5C1322D8F29A00F1749C /* ViewController.m */ = {isa = PBXFileReference; lastKnownFileType = sourcecode.c.objc; path = ViewController.m; sourceTree = "<group>"; };
		B5BB5C1622D8F29A00F1749C /* Base */ = {isa = PBXFileReference; lastKnownFileType = file.storyboard; name = Base; path = Base.lproj/Main.storyboard; sourceTree = "<group>"; };
		B5BB5C1822D8F29C00F1749C /* Assets.xcassets */ = {isa = PBXFileReference; lastKnownFileType = folder.assetcatalog; path = Assets.xcassets; sourceTree = "<group>"; };
		B5BB5C1B22D8F29C00F1749C /* Base */ = {isa = PBXFileReference; lastKnownFileType = file.storyboard; name = Base; path = Base.lproj/LaunchScreen.storyboard; sourceTree = "<group>"; };
		B5BB5C1D22D8F29C00F1749C /* Info.plist */ = {isa = PBXFileReference; lastKnownFileType = text.plist.xml; path = Info.plist; sourceTree = "<group>"; };
		B5BB5C1E22D8F29C00F1749C /* main.m */ = {isa = PBXFileReference; lastKnownFileType = sourcecode.c.objc; path = main.m; sourceTree = "<group>"; };
/* End PBXFileReference section */

/* Begin PBXFrameworksBuildPhase section */
		B5BB5C0922D8F29A00F1749C /* Frameworks */ = {
			isa = PBXFrameworksBuildPhase;
			buildActionMask = 2147483647;
			files = (
			);
			runOnlyForDeploymentPostprocessing = 0;
		};
/* End PBXFrameworksBuildPhase section */

/* Begin PBXGroup section */
		B5BB5C0322D8F29A00F1749C = {
			isa = PBXGroup;
			children = (
				B5BB5C0E22D8F29A00F1749C /* OC_Q50_01 */,
				B5BB5C0D22D8F29A00F1749C /* Products */,
			);
			sourceTree = "<group>";
		};
		B5BB5C0D22D8F29A00F1749C /* Products */ = {
			isa = PBXGroup;
			children = (
				B5BB5C0C22D8F29A00F1749C /* OC_Q50_01.app */,
			);
			name = Products;
			sourceTree = "<group>";
		};
		B5BB5C0E22D8F29A00F1749C /* OC_Q50_01 */ = {
			isa = PBXGroup;
			children = (
				B5BB5C0F22D8F29A00F1749C /* AppDelegate.h */,
				B5BB5C1022D8F29A00F1749C /* AppDelegate.m */,
				B5BB5C1222D8F29A00F1749C /* ViewController.h */,
				B5BB5C1322D8F29A00F1749C /* ViewController.m */,
				B5BB5C1522D8F29A00F1749C /* Main.storyboard */,
				B5BB5C1822D8F29C00F1749C /* Assets.xcassets */,
				B5BB5C1A22D8F29C00F1749C /* LaunchScreen.storyboard */,
				B5BB5C1D22D8F29C00F1749C /* Info.plist */,
				B5BB5C1E22D8F29C00F1749C /* main.m */,
			);
			path = OC_Q50_01;
			sourceTree = "<group>";
		};
/* End PBXGroup section */

/* Begin PBXNativeTarget section */
		B5BB5C0B22D8F29A00F1749C /* OC_Q50_01 */ = {
			isa = PBXNativeTarget;
			buildConfigurationList = B5BB5C2222D8F29C00F1749C /* Build configuration list for PBXNativeTarget "OC_Q50_01" */;
			buildPhases = (
				B5BB5C0822D8F29A00F1749C /* Sources */,
				B5BB5C0922D8F29A00F1749C /* Frameworks */,
				B5BB5C0A22D8F29A00F1749C /* Resources */,
			);
			buildRules = (
			);
			dependencies = (
			);
			name = OC_Q50_01;
			productName = OC_Q50_01;
			productReference = B5BB5C0C22D8F29A00F1749C /* OC_Q50_01.app */;
			productType = "com.apple.product-type.application";
		};
/* End PBXNativeTarget section */

/* Begin PBXProject section */
		B5BB5C0422D8F29A00F1749C /* Project object */ = {
			isa = PBXProject;
			attributes = {
				LastUpgradeCheck = 1020;
				ORGANIZATIONNAME = hschan;
				TargetAttributes = {
					B5BB5C0B22D8F29A00F1749C = {
						CreatedOnToolsVersion = 10.2.1;
					};
				};
			};
			buildConfigurationList = B5BB5C0722D8F29A00F1749C /* Build configuration list for PBXProject "OC_Q50_01" */;
			compatibilityVersion = "Xcode 9.3";
			developmentRegion = en;
			hasScannedForEncodings = 0;
			knownRegions = (
				en,
				Base,
			);
			mainGroup = B5BB5C0322D8F29A00F1749C;
			productRefGroup = B5BB5C0D22D8F29A00F1749C /* Products */;
			projectDirPath = "";
			projectRoot = "";
			targets = (
				B5BB5C0B22D8F29A00F1749C /* OC_Q50_01 */,
			);
		};
/* End PBXProject section */

/* Begin PBXResourcesBuildPhase section */
		B5BB5C0A22D8F29A00F1749C /* Resources */ = {
			isa = PBXResourcesBuildPhase;
			buildActionMask = 2147483647;
			files = (
				B5BB5C1C22D8F29C00F1749C /* LaunchScreen.storyboard in Resources */,
				B5BB5C1922D8F29C00F1749C /* Assets.xcassets in Resources */,
				B5BB5C1722D8F29A00F1749C /* Main.storyboard in Resources */,
			);
			runOnlyForDeploymentPostprocessing = 0;
		};
/* End PBXResourcesBuildPhase section */

/* Begin PBXSourcesBuildPhase section */
		B5BB5C0822D8F29A00F1749C /* Sources */ = {
			isa = PBXSourcesBuildPhase;
			buildActionMask = 2147483647;
			files = (
				B5BB5C1422D8F29A00F1749C /* ViewController.m in Sources */,
				B5BB5C1F22D8F29C00F1749C /* main.m in Sources */,
				B5BB5C1122D8F29A00F1749C /* AppDelegate.m in Sources */,
			);
			runOnlyForDeploymentPostprocessing = 0;
		};
/* End PBXSourcesBuildPhase section */

/* Begin PBXVariantGroup section */
		B5BB5C1522D8F29A00F1749C /* Main.storyboard */ = {
			isa = PBXVariantGroup;
			children = (
				B5BB5C1622D8F29A00F1749C /* Base */,
			);
			name = Main.storyboard;
			sourceTree = "<group>";
		};
		B5BB5C1A22D8F29C00F1749C /* LaunchScreen.storyboard */ = {
			isa = PBXVariantGroup;
			children = (
				B5BB5C1B22D8F29C00F1749C /* Base */,
			);
			name = LaunchScreen.storyboard;
			sourceTree = "<group>";
		};
/* End PBXVariantGroup section */

/* Begin XCBuildConfiguration section */
		B5BB5C2022D8F29C00F1749C /* Debug */ = {
			isa = XCBuildConfiguration;
			buildSettings = {
				ALWAYS_SEARCH_USER_PATHS = NO;
				CLANG_ANALYZER_NONNULL = YES;
				CLANG_ANALYZER_NUMBER_OBJECT_CONVERSION = YES_AGGRESSIVE;
				CLANG_CXX_LANGUAGE_STANDARD = "gnu++14";
				CLANG_CXX_LIBRARY = "libc++";
				CLANG_ENABLE_MODULES = YES;
				CLANG_ENABLE_OBJC_ARC = YES;
				CLANG_ENABLE_OBJC_WEAK = YES;
				CLANG_WARN_BLOCK_CAPTURE_AUTORELEASING = YES;
				CLANG_WARN_BOOL_CONVERSION = YES;
				CLANG_WARN_COMMA = YES;
				CLANG_WARN_CONSTANT_CONVERSION = YES;
				CLANG_WARN_DEPRECATED_OBJC_IMPLEMENTATIONS = YES;
				CLANG_WARN_DIRECT_OBJC_ISA_USAGE = YES_ERROR;
				CLANG_WARN_DOCUMENTATION_COMMENTS = YES;
				CLANG_WARN_EMPTY_BODY = YES;
				CLANG_WARN_ENUM_CONVERSION = YES;
				CLANG_WARN_INFINITE_RECURSION = YES;
				CLANG_WARN_INT_CONVERSION = YES;
				CLANG_WARN_NON_LITERAL_NULL_CONVERSION = YES;
				CLANG_WARN_OBJC_IMPLICIT_RETAIN_SELF = YES;
				CLANG_WARN_OBJC_LITERAL_CONVERSION = YES;
				CLANG_WARN_OBJC_ROOT_CLASS = YES_ERROR;
				CLANG_WARN_RANGE_LOOP_ANALYSIS = YES;
				CLANG_WARN_STRICT_PROTOTYPES = YES;
				CLANG_WARN_SUSPICIOUS_MOVE = YES;
				CLANG_WARN_UNGUARDED_AVAILABILITY = YES_AGGRESSIVE;
				CLANG_WARN_UNREACHABLE_CODE = YES;
				CLANG_WARN__DUPLICATE_METHOD_MATCH = YES;
				CODE_SIGN_IDENTITY = "iPhone Developer";
				COPY_PHASE_STRIP = NO;
				DEBUG_INFORMATION_FORMAT = dwarf;
				ENABLE_STRICT_OBJC_MSGSEND = YES;
				ENABLE_TESTABILITY = YES;
				GCC_C_LANGUAGE_STANDARD = gnu11;
				GCC_DYNAMIC_NO_PIC = NO;
				GCC_NO_COMMON_BLOCKS = YES;
				GCC_OPTIMIZATION_LEVEL = 0;
				GCC_PREPROCESSOR_DEFINITIONS = (
					"DEBUG=1",
					"$(inherited)",
				);
				GCC_WARN_64_TO_32_BIT_CONVERSION = YES;
				GCC_WARN_ABOUT_RETURN_TYPE = YES_ERROR;
				GCC_WARN_UNDECLARED_SELECTOR = YES;
				GCC_WARN_UNINITIALIZED_AUTOS = YES_AGGRESSIVE;
				GCC_WARN_UNUSED_FUNCTION = YES;
				GCC_WARN_UNUSED_VARIABLE = YES;
				IPHONEOS_DEPLOYMENT_TARGET = 12.2;
				MTL_ENABLE_DEBUG_INFO = INCLUDE_SOURCE;
				MTL_FAST_MATH = YES;
				ONLY_ACTIVE_ARCH = YES;
				SDKROOT = iphoneos;
			};
			name = Debug;
		};
		B5BB5C2122D8F29C00F1749C /* Release */ = {
			isa = XCBuildConfiguration;
			buildSettings = {
				ALWAYS_SEARCH_USER_PATHS = NO;
				CLANG_ANALYZER_NONNULL = YES;
				CLANG_ANALYZER_NUMBER_OBJECT_CONVERSION = YES_AGGRESSIVE;
				CLANG_CXX_LANGUAGE_STANDARD = "gnu++14";
				CLANG_CXX_LIBRARY = "libc++";
				CLANG_ENABLE_MODULES = YES;
				CLANG_ENABLE_OBJC_ARC = YES;
				CLANG_ENABLE_OBJC_WEAK = YES;
				CLANG_WARN_BLOCK_CAPTURE_AUTORELEASING = YES;
				CLANG_WARN_BOOL_CONVERSION = YES;
				CLANG_WARN_COMMA = YES;
				CLANG_WARN_CONSTANT_CONVERSION = YES;
				CLANG_WARN_DEPRECATED_OBJC_IMPLEMENTATIONS = YES;
				CLANG_WARN_DIRECT_OBJC_ISA_USAGE = YES_ERROR;
				CLANG_WARN_DOCUMENTATION_COMMENTS = YES;
				CLANG_WARN_EMPTY_BODY = YES;
				CLANG_WARN_ENUM_CONVERSION = YES;
				CLANG_WARN_INFINITE_RECURSION = YES;
				CLANG_WARN_INT_CONVERSION = YES;
				CLANG_WARN_NON_LITERAL_NULL_CONVERSION = YES;
				CLANG_WARN_OBJC_IMPLICIT_RETAIN_SELF = YES;
				CLANG_WARN_OBJC_LITERAL_CONVERSION = YES;
				CLANG_WARN_OBJC_ROOT_CLASS = YES_ERROR;
				CLANG_WARN_RANGE_LOOP_ANALYSIS = YES;
				CLANG_WARN_STRICT_PROTOTYPES = YES;
				CLANG_WARN_SUSPICIOUS_MOVE = YES;
				CLANG_WARN_UNGUARDED_AVAILABILITY = YES_AGGRESSIVE;
				CLANG_WARN_UNREACHABLE_CODE = YES;
				CLANG_WARN__DUPLICATE_METHOD_MATCH = YES;
				CODE_SIGN_IDENTITY = "iPhone Developer";
				COPY_PHASE_STRIP = NO;
				DEBUG_INFORMATION_FORMAT = "dwarf-with-dsym";
				ENABLE_NS_ASSERTIONS = NO;
				ENABLE_STRICT_OBJC_MSGSEND = YES;
				GCC_C_LANGUAGE_STANDARD = gnu11;
				GCC_NO_COMMON_BLOCKS = YES;
				GCC_WARN_64_TO_32_BIT_CONVERSION = YES;
				GCC_WARN_ABOUT_RETURN_TYPE = YES_ERROR;
				GCC_WARN_UNDECLARED_SELECTOR = YES;
				GCC_WARN_UNINITIALIZED_AUTOS = YES_AGGRESSIVE;
				GCC_WARN_UNUSED_FUNCTION = YES;
				GCC_WARN_UNUSED_VARIABLE = YES;
				IPHONEOS_DEPLOYMENT_TARGET = 12.2;
				MTL_ENABLE_DEBUG_INFO = NO;
				MTL_FAST_MATH = YES;
				SDKROOT = iphoneos;
				VALIDATE_PRODUCT = YES;
			};
			name = Release;
		};
		B5BB5C2322D8F29C00F1749C /* Debug */ = {
			isa = XCBuildConfiguration;
			buildSettings = {
				ASSETCATALOG_COMPILER_APPICON_NAME = AppIcon;
				CODE_SIGN_STYLE = Automatic;
				INFOPLIST_FILE = OC_Q50_01/Info.plist;
				LD_RUNPATH_SEARCH_PATHS = (
					"$(inherited)",
					"@executable_path/Frameworks",
				);
				PRODUCT_BUNDLE_IDENTIFIER = "none.OC-Q50-01";
				PRODUCT_NAME = "$(TARGET_NAME)";
				TARGETED_DEVICE_FAMILY = "1,2";
			};
			name = Debug;
		};
		B5BB5C2422D8F29C00F1749C /* Release */ = {
			isa = XCBuildConfiguration;
			buildSettings = {
				ASSETCATALOG_COMPILER_APPICON_NAME = AppIcon;
				CODE_SIGN_STYLE = Automatic;
				INFOPLIST_FILE = OC_Q50_01/Info.plist;
				LD_RUNPATH_SEARCH_PATHS = (
					"$(inherited)",
					"@executable_path/Frameworks",
				);
				PRODUCT_BUNDLE_IDENTIFIER = "none.OC-Q50-01";
				PRODUCT_NAME = "$(TARGET_NAME)";
				TARGETED_DEVICE_FAMILY = "1,2";
			};
			name = Release;
		};
/* End XCBuildConfiguration section */

/* Begin XCConfigurationList section */
		B5BB5C0722D8F29A00F1749C /* Build configuration list for PBXProject "OC_Q50_01" */ = {
			isa = XCConfigurationList;
			buildConfigurations = (
				B5BB5C2022D8F29C00F1749C /* Debug */,
				B5BB5C2122D8F29C00F1749C /* Release */,
			);
			defaultConfigurationIsVisible = 0;
			defaultConfigurationName = Release;
		};
		B5BB5C2222D8F29C00F1749C /* Build configuration list for PBXNativeTarget "OC_Q50_01" */ = {
			isa = XCConfigurationList;
			buildConfigurations = (
				B5BB5C2322D8F29C00F1749C /* Debug */,
				B5BB5C2422D8F29C00F1749C /* Release */,
			);
			defaultConfigurationIsVisible = 0;
			defaultConfigurationName = Release;
		};
/* End XCConfigurationList section */
	};
	rootObject = B5BB5C0422D8F29A00F1749C /* Project object */;
}
